
Microsoft Visual Studio Solution File, Format Version 12.00
# Visual Studio 15
VisualStudioVersion = 15.0.28307.329
MinimumVisualStudioVersion = 10.0.40219.1
Project("{FAE04EC0-301F-11D3-BF4B-00C04F79EFBC}") = "dialog_pro", "dialog_pro\dialog_pro.csproj", "{ABF8AB3E-4B66-47B5-B4DE-B9CF5DE12EB6}"
EndProject
Global
	GlobalSection(SolutionConfigurationPlatforms) = preSolution
		Debug|Any CPU = Debug|Any CPU
		Release|Any CPU = Release|Any CPU
	EndGlobalSection
	GlobalSection(ProjectConfigurationPlatforms) = postSolution
		{ABF8AB3E-4B66-47B5-B4DE-B9CF5DE12EB6}.Debug|Any CPU.ActiveCfg = Debug|Any CPU
		{ABF8AB3E-4B66-47B5-B4DE-B9CF5DE12EB6}.Debug|Any CPU.Build.0 = Debug|Any CPU
		{ABF8AB3E-4B66-47B5-B4DE-B9CF5DE12EB6}.Release|Any CPU.ActiveCfg = Release|Any CPU
		{ABF8AB3E-4B66-47B5-B4DE-B9CF5DE12EB6}.Release|Any CPU.Build.0 = Release|Any CPU
	EndGlobalSection
	GlobalSection(SolutionProperties) = preSolution
		HideSolutionNode = FALSE
	EndGlobalSection
	GlobalSection(ExtensibilityGlobals) = postSolution
		SolutionGuid = {93D0A892-1E71-400F-B746-EC4B71727CB8}
	EndGlobalSection
EndGlobal
